
Microsoft Visual Studio Solution File, Format Version 12.00
# Visual Studio Version 17
VisualStudioVersion = 17.1.32319.34
MinimumVisualStudioVersion = 10.0.40219.1
Project("{9A19103F-16F7-4668-BE54-9A1E7A4F7556}") = "ElektronAPI", "ElektronAPI\ElektronAPI.csproj", "{EA8EEFE5-E98A-4195-85CC-23B9D9E034B1}"
EndProject
Project("{54A90642-561A-4BB1-A94E-469ADEE60C69}") = "Client", "Client\Client.esproj", "{686FD5E6-1AC9-471F-9F75-61C2BB33B6E4}"
EndProject
Project("{9A19103F-16F7-4668-BE54-9A1E7A4F7556}") = "Guessing Game", "..\Guessing Game\Guessing Game\Guessing Game.csproj", "{87F94619-3F2D-4057-9F3C-4706CA4DF6C1}"
EndProject
Global
	GlobalSection(SolutionConfigurationPlatforms) = preSolution
		Debug|Any CPU = Debug|Any CPU
		Release|Any CPU = Release|Any CPU
	EndGlobalSection
	GlobalSection(ProjectConfigurationPlatforms) = postSolution
		{EA8EEFE5-E98A-4195-85CC-23B9D9E034B1}.Debug|Any CPU.ActiveCfg = Debug|Any CPU
		{EA8EEFE5-E98A-4195-85CC-23B9D9E034B1}.Debug|Any CPU.Build.0 = Debug|Any CPU
		{EA8EEFE5-E98A-4195-85CC-23B9D9E034B1}.Release|Any CPU.ActiveCfg = Release|Any CPU
		{EA8EEFE5-E98A-4195-85CC-23B9D9E034B1}.Release|Any CPU.Build.0 = Release|Any CPU
		{686FD5E6-1AC9-471F-9F75-61C2BB33B6E4}.Debug|Any CPU.ActiveCfg = Debug|Any CPU
		{686FD5E6-1AC9-471F-9F75-61C2BB33B6E4}.Debug|Any CPU.Build.0 = Debug|Any CPU
		{686FD5E6-1AC9-471F-9F75-61C2BB33B6E4}.Debug|Any CPU.Deploy.0 = Debug|Any CPU
		{686FD5E6-1AC9-471F-9F75-61C2BB33B6E4}.Release|Any CPU.ActiveCfg = Release|Any CPU
		{686FD5E6-1AC9-471F-9F75-61C2BB33B6E4}.Release|Any CPU.Build.0 = Release|Any CPU
		{686FD5E6-1AC9-471F-9F75-61C2BB33B6E4}.Release|Any CPU.Deploy.0 = Release|Any CPU
		{87F94619-3F2D-4057-9F3C-4706CA4DF6C1}.Debug|Any CPU.ActiveCfg = Debug|Any CPU
		{87F94619-3F2D-4057-9F3C-4706CA4DF6C1}.Debug|Any CPU.Build.0 = Debug|Any CPU
		{87F94619-3F2D-4057-9F3C-4706CA4DF6C1}.Release|Any CPU.ActiveCfg = Release|Any CPU
		{87F94619-3F2D-4057-9F3C-4706CA4DF6C1}.Release|Any CPU.Build.0 = Release|Any CPU
	EndGlobalSection
	GlobalSection(SolutionProperties) = preSolution
		HideSolutionNode = FALSE
	EndGlobalSection
	GlobalSection(ExtensibilityGlobals) = postSolution
		SolutionGuid = {AFF278CB-317C-4EAC-8A24-BA7C115B9F55}
	EndGlobalSection
EndGlobal
